$begin 'ConnectionParameters'
	DesktopProcessID=18808
	DesktopProcessPath='C:\\Program Files\\AnsysEM\\v232\\Win64\\ansysedt.exe'
	LaunchedByWB=false
	$begin 'DesktopStubBlock'
		$begin 'CommDetails'
			TransportType=1
			IPAddress='10.21.219.132'
			ListenPort='65267'
			IPAddressVector[1: '192.168.178.20']
		$end 'CommDetails'
		$begin 'Marshall'
			InstanceID=503
			ProcID=18808
			InterfaceID=1
			FactoryIntID='DesktopInterfaceForWBProxyStubFactory'
		$end 'Marshall'
	$end 'DesktopStubBlock'
	$begin 'DesktopBackgroundObjStubBlock'
		$begin 'CommDetails'
			TransportType=1
			IPAddress='10.21.219.132'
			ListenPort='65267'
			IPAddressVector[1: '192.168.178.20']
		$end 'CommDetails'
		$begin 'Marshall'
			InstanceID=505
			ProcID=18808
			InterfaceID=2
			FactoryIntID='DesktopInterfaceForWBProxyStubFactory'
		$end 'Marshall'
	$end 'DesktopBackgroundObjStubBlock'
$end 'ConnectionParameters'
